{
  "name": "eiharun.github.io",
  "lockfileVersion": 3,
  "requires": true,
  "packages": {
    "": {
      "dependencies": {
        "node-fetch": "^2.7.0"
      },
      "devDependencies": {
        "@shopify/prettier-plugin-liquid": "1.4.0",
        "prettier": "3.1.1"
      }
    },
    "node_modules/@shopify/liquid-html-parser": {
      "version": "2.2.0",
      "resolved": "https://registry.npmjs.org/@shopify/liquid-html-parser/-/liquid-html-parser-2.2.0.tgz",
      "integrity": "sha512-hD0XV+Re9BC3yMOshHCwU94LagW7LQTWPdtpU0IE/pMbco+ke7Hir1Ad7eloHAgzR+6iw4LzDEFuHFpKZWmGKw==",
      "dev": true,
      "license": "MIT",
      "dependencies": {
        "line-column": "^1.0.2",
        "ohm-js": "^16.3.0"
      }
    },
    "node_modules/@shopify/prettier-plugin-liquid": {
      "version": "1.4.0",
      "resolved": "https://registry.npmjs.org/@shopify/prettier-plugin-liquid/-/prettier-plugin-liquid-1.4.0.tgz",
      "integrity": "sha512-Fd0QiPi0bpSapUG0plri1+bLew9j//Q0MFKkBjkIG4RTJC76dycVysf5Dy7JvbvIjSJ4YFxaT0PBW5v9O7JItQ==",
      "dev": true,
      "license": "MIT",
      "dependencies": {
        "@shopify/liquid-html-parser": "^2.0.0",
        "html-styles": "^1.0.0"
      },
      "peerDependencies": {
        "prettier": "^2.0.0 || ^3.0.0"
      }
    },
    "node_modules/html-styles": {
      "version": "1.0.0",
      "resolved": "https://registry.npmjs.org/html-styles/-/html-styles-1.0.0.tgz",
      "integrity": "sha512-cDl5dcj73oI4Hy0DSUNh54CAwslNLJRCCoO+RNkVo+sBrjA/0+7E/xzvj3zH/GxbbBLGJhE0hBe1eg+0FINC6w==",
      "dev": true,
      "license": "MIT"
    },
    "node_modules/isarray": {
      "version": "1.0.0",
      "resolved": "https://registry.npmjs.org/isarray/-/isarray-1.0.0.tgz",
      "integrity": "sha512-VLghIWNM6ELQzo7zwmcg0NmTVyWKYjvIeM83yjp0wRDTmUnrM678fQbcKBo6n2CJEF0szoG//ytg+TKla89ALQ==",
      "dev": true,
      "license": "MIT"
    },
    "node_modules/isobject": {
      "version": "2.1.0",
      "resolved": "https://registry.npmjs.org/isobject/-/isobject-2.1.0.tgz",
      "integrity": "sha512-+OUdGJlgjOBZDfxnDjYYG6zp487z0JGNQq3cYQYg5f5hKR+syHMsaztzGeml/4kGG55CSpKSpWTY+jYGgsHLgA==",
      "dev": true,
      "license": "MIT",
      "dependencies": {
        "isarray": "1.0.0"
      },
      "engines": {
        "node": ">=0.10.0"
      }
    },
    "node_modules/line-column": {
      "version": "1.0.2",
      "resolved": "https://registry.npmjs.org/line-column/-/line-column-1.0.2.tgz",
      "integrity": "sha512-Ktrjk5noGYlHsVnYWh62FLVs4hTb8A3e+vucNZMgPeAOITdshMSgv4cCZQeRDjm7+goqmo6+liZwTXo+U3sVww==",
      "dev": true,
      "license": "MIT",
      "dependencies": {
        "isarray": "^1.0.0",
        "isobject": "^2.0.0"
      }
    },
    "node_modules/node-fetch": {
      "version": "2.7.0",
      "resolved": "https://registry.npmjs.org/node-fetch/-/node-fetch-2.7.0.tgz",
      "integrity": "sha512-c4FRfUm/dbcWZ7U+1Wq0AwCyFL+3nt2bEw05wfxSz+DWpWsitgmSgYmy2dQdWyKC1694ELPqMs/YzUSNozLt8A==",
      "dependencies": {
        "whatwg-url": "^5.0.0"
      },
      "engines": {
        "node": "4.x || >=6.0.0"
      },
      "peerDependencies": {
        "encoding": "^0.1.0"
      },
      "peerDependenciesMeta": {
        "encoding": {
          "optional": true
        }
      }
    },
    "node_modules/ohm-js": {
      "version": "16.6.0",
      "resolved": "https://registry.npmjs.org/ohm-js/-/ohm-js-16.6.0.tgz",
      "integrity": "sha512-X9P4koSGa7swgVQ0gt71UCYtkAQGOjciJPJAz74kDxWt8nXbH5HrDOQG6qBDH7SR40ktNv4x61BwpTDE9q4lRA==",
      "dev": true,
      "license": "MIT",
      "engines": {
        "node": ">=0.12.1"
      }
    },
    "node_modules/prettier": {
      "version": "3.1.1",
      "resolved": "https://registry.npmjs.org/prettier/-/prettier-3.1.1.tgz",
      "integrity": "sha512-22UbSzg8luF4UuZtzgiUOfcGM8s4tjBv6dJRT7j275NXsy2jb4aJa4NNveul5x4eqlF1wuhuR2RElK71RvmVaw==",
      "dev": true,
      "license": "MIT",
      "bin": {
        "prettier": "bin/prettier.cjs"
      },
      "engines": {
        "node": ">=14"
      },
      "funding": {
        "url": "https://github.com/prettier/prettier?sponsor=1"
      }
    },
    "node_modules/tr46": {
      "version": "0.0.3",
      "resolved": "https://registry.npmjs.org/tr46/-/tr46-0.0.3.tgz",
      "integrity": "sha512-N3WMsuqV66lT30CrXNbEjx4GEwlow3v6rr4mCcv6prnfwhS01rkgyFdjPNBYd9br7LpXV1+Emh01fHnq2Gdgrw=="
    },
    "node_modules/webidl-conversions": {
      "version": "3.0.1",
      "resolved": "https://registry.npmjs.org/webidl-conversions/-/webidl-conversions-3.0.1.tgz",
      "integrity": "sha512-2JAn3z8AR6rjK8Sm8orRC0h/bcl/DqL7tRPdGZ4I1CjdF+EaMLmYxBHyXuKL849eucPFhvBoxMsflfOb8kxaeQ=="
    },
    "node_modules/whatwg-url": {
      "version": "5.0.0",
      "resolved": "https://registry.npmjs.org/whatwg-url/-/whatwg-url-5.0.0.tgz",
      "integrity": "sha512-saE57nupxk6v3HY35+jzBwYa0rKSy0XR8JSxZPwgLr7ys0IBzhGviA1/TUGJLmSVqs8pb9AnvICXEuOHLprYTw==",
      "dependencies": {
        "tr46": "~0.0.3",
        "webidl-conversions": "^3.0.0"
      }
    }
  }
}
